{
  "password_hash": "05232236be0ce59ef188dc6f15cb4710a2be19c60f673b39b0e0baa6f97a833b:e65056e82bdf4ddd7564af537cabdf4ed58a66e4a67df236908c5cc2bf0e97e1538b600192fb2c27e750ef61c97f77324f9e055c6019884fdce457014396a092",
  "salt": "fc7c6b9a1a9b0d90987073a83ac5fc6cdc6d9b7b1547f90230fb493292d803db",
  "hmac": "4cc9908a662e0546c106ca322a2328422d98a0b881cab9b5094b7391a1ce9f24",
  "created_at": "2025-10-31T14:17:48.124Z",
  "version": "1.0.0"
}